// !$*UTF8*$!
{
	archiveVersion = 1;
	classes = {
	};
	objectVersion = 50;
	objects = {

/* Begin PBXBuildFile section */
		CDEA4B8B22F3A90C004023E0 /* AppDelegate.swift in Sources */ = {isa = PBXBuildFile; fileRef = CDEA4B8A22F3A90C004023E0 /* AppDelegate.swift */; };
		CDEA4B8D22F3A90C004023E0 /* MasterViewController.swift in Sources */ = {isa = PBXBuildFile; fileRef = CDEA4B8C22F3A90C004023E0 /* MasterViewController.swift */; };
		CDEA4B8F22F3A90C004023E0 /* DetailViewController.swift in Sources */ = {isa = PBXBuildFile; fileRef = CDEA4B8E22F3A90C004023E0 /* DetailViewController.swift */; };
		CDEA4B9222F3A90C004023E0 /* Main.storyboard in Resources */ = {isa = PBXBuildFile; fileRef = CDEA4B9022F3A90C004023E0 /* Main.storyboard */; };
		CDEA4B9422F3A90E004023E0 /* Assets.xcassets in Resources */ = {isa = PBXBuildFile; fileRef = CDEA4B9322F3A90E004023E0 /* Assets.xcassets */; };
		CDEA4B9722F3A90E004023E0 /* LaunchScreen.storyboard in Resources */ = {isa = PBXBuildFile; fileRef = CDEA4B9522F3A90E004023E0 /* LaunchScreen.storyboard */; };
/* End PBXBuildFile section */

/* Begin PBXFileReference section */
		CDEA4B8722F3A90C004023E0 /* Windows.app */ = {isa = PBXFileReference; explicitFileType = wrapper.application; includeInIndex = 0; path = Windows.app; sourceTree = BUILT_PRODUCTS_DIR; };
		CDEA4B8A22F3A90C004023E0 /* AppDelegate.swift */ = {isa = PBXFileReference; lastKnownFileType = sourcecode.swift; path = AppDelegate.swift; sourceTree = "<group>"; };
		CDEA4B8C22F3A90C004023E0 /* MasterViewController.swift */ = {isa = PBXFileReference; lastKnownFileType = sourcecode.swift; path = MasterViewController.swift; sourceTree = "<group>"; };
		CDEA4B8E22F3A90C004023E0 /* DetailViewController.swift */ = {isa = PBXFileReference; lastKnownFileType = sourcecode.swift; path = DetailViewController.swift; sourceTree = "<group>"; };
		CDEA4B9122F3A90C004023E0 /* Base */ = {isa = PBXFileReference; lastKnownFileType = file.storyboard; name = Base; path = Base.lproj/Main.storyboard; sourceTree = "<group>"; };
		CDEA4B9322F3A90E004023E0 /* Assets.xcassets */ = {isa = PBXFileReference; lastKnownFileType = folder.assetcatalog; path = Assets.xcassets; sourceTree = "<group>"; };
		CDEA4B9622F3A90E004023E0 /* Base */ = {isa = PBXFileReference; lastKnownFileType = file.storyboard; name = Base; path = Base.lproj/LaunchScreen.storyboard; sourceTree = "<group>"; };
		CDEA4B9822F3A90E004023E0 /* Info.plist */ = {isa = PBXFileReference; lastKnownFileType = text.plist.xml; path = Info.plist; sourceTree = "<group>"; };
/* End PBXFileReference section */

/* Begin PBXFrameworksBuildPhase section */
		CDEA4B8422F3A90C004023E0 /* Frameworks */ = {
			isa = PBXFrameworksBuildPhase;
			buildActionMask = 2147483647;
			files = (
			);
			runOnlyForDeploymentPostprocessing = 0;
		};
/* End PBXFrameworksBuildPhase section */

/* Begin PBXGroup section */
		CDEA4B7E22F3A90C004023E0 = {
			isa = PBXGroup;
			children = (
				CDEA4B8922F3A90C004023E0 /* Windows */,
				CDEA4B8822F3A90C004023E0 /* Products */,
			);
			sourceTree = "<group>";
		};
		CDEA4B8822F3A90C004023E0 /* Products */ = {
			isa = PBXGroup;
			children = (
				CDEA4B8722F3A90C004023E0 /* Windows.app */,
			);
			name = Products;
			sourceTree = "<group>";
		};
		CDEA4B8922F3A90C004023E0 /* Windows */ = {
			isa = PBXGroup;
			children = (
				CDEA4B8A22F3A90C004023E0 /* AppDelegate.swift */,
				CDEA4B8C22F3A90C004023E0 /* MasterViewController.swift */,
				CDEA4B8E22F3A90C004023E0 /* DetailViewController.swift */,
				CDEA4B9022F3A90C004023E0 /* Main.storyboard */,
				CDEA4B9322F3A90E004023E0 /* Assets.xcassets */,
				CDEA4B9522F3A90E004023E0 /* LaunchScreen.storyboard */,
				CDEA4B9822F3A90E004023E0 /* Info.plist */,
			);
			path = Windows;
			sourceTree = "<group>";
		};
/* End PBXGroup section */

/* Begin PBXNativeTarget section */
		CDEA4B8622F3A90C004023E0 /* Windows */ = {
			isa = PBXNativeTarget;
			buildConfigurationList = CDEA4B9B22F3A90E004023E0 /* Build configuration list for PBXNativeTarget "Windows" */;
			buildPhases = (
				CDEA4B8322F3A90C004023E0 /* Sources */,
				CDEA4B8422F3A90C004023E0 /* Frameworks */,
				CDEA4B8522F3A90C004023E0 /* Resources */,
			);
			buildRules = (
			);
			dependencies = (
			);
			name = Windows;
			productName = Windows;
			productReference = CDEA4B8722F3A90C004023E0 /* Windows.app */;
			productType = "com.apple.product-type.application";
		};
/* End PBXNativeTarget section */

/* Begin PBXProject section */
		CDEA4B7F22F3A90C004023E0 /* Project object */ = {
			isa = PBXProject;
			attributes = {
				LastSwiftUpdateCheck = 1100;
				LastUpgradeCheck = 1100;
				ORGANIZATIONNAME = "B Gay";
				TargetAttributes = {
					CDEA4B8622F3A90C004023E0 = {
						CreatedOnToolsVersion = 11.0;
					};
				};
			};
			buildConfigurationList = CDEA4B8222F3A90C004023E0 /* Build configuration list for PBXProject "Windows" */;
			compatibilityVersion = "Xcode 9.3";
			developmentRegion = en;
			hasScannedForEncodings = 0;
			knownRegions = (
				en,
				Base,
			);
			mainGroup = CDEA4B7E22F3A90C004023E0;
			productRefGroup = CDEA4B8822F3A90C004023E0 /* Products */;
			projectDirPath = "";
			projectRoot = "";
			targets = (
				CDEA4B8622F3A90C004023E0 /* Windows */,
			);
		};
/* End PBXProject section */

/* Begin PBXResourcesBuildPhase section */
		CDEA4B8522F3A90C004023E0 /* Resources */ = {
			isa = PBXResourcesBuildPhase;
			buildActionMask = 2147483647;
			files = (
				CDEA4B9722F3A90E004023E0 /* LaunchScreen.storyboard in Resources */,
				CDEA4B9422F3A90E004023E0 /* Assets.xcassets in Resources */,
				CDEA4B9222F3A90C004023E0 /* Main.storyboard in Resources */,
			);
			runOnlyForDeploymentPostprocessing = 0;
		};
/* End PBXResourcesBuildPhase section */

/* Begin PBXSourcesBuildPhase section */
		CDEA4B8322F3A90C004023E0 /* Sources */ = {
			isa = PBXSourcesBuildPhase;
			buildActionMask = 2147483647;
			files = (
				CDEA4B8F22F3A90C004023E0 /* DetailViewController.swift in Sources */,
				CDEA4B8D22F3A90C004023E0 /* MasterViewController.swift in Sources */,
				CDEA4B8B22F3A90C004023E0 /* AppDelegate.swift in Sources */,
			);
			runOnlyForDeploymentPostprocessing = 0;
		};
/* End PBXSourcesBuildPhase section */

/* Begin PBXVariantGroup section */
		CDEA4B9022F3A90C004023E0 /* Main.storyboard */ = {
			isa = PBXVariantGroup;
			children = (
				CDEA4B9122F3A90C004023E0 /* Base */,
			);
			name = Main.storyboard;
			sourceTree = "<group>";
		};
		CDEA4B9522F3A90E004023E0 /* LaunchScreen.storyboard */ = {
			isa = PBXVariantGroup;
			children = (
				CDEA4B9622F3A90E004023E0 /* Base */,
			);
			name = LaunchScreen.storyboard;
			sourceTree = "<group>";
		};
/* End PBXVariantGroup section */

/* Begin XCBuildConfiguration section */
		CDEA4B9922F3A90E004023E0 /* Debug */ = {
			isa = XCBuildConfiguration;
			buildSettings = {
				ALWAYS_SEARCH_USER_PATHS = NO;
				CLANG_ANALYZER_NONNULL = YES;
				CLANG_ANALYZER_NUMBER_OBJECT_CONVERSION = YES_AGGRESSIVE;
				CLANG_CXX_LANGUAGE_STANDARD = "gnu++14";
				CLANG_CXX_LIBRARY = "libc++";
				CLANG_ENABLE_MODULES = YES;
				CLANG_ENABLE_OBJC_ARC = YES;
				CLANG_ENABLE_OBJC_WEAK = YES;
				CLANG_WARN_BLOCK_CAPTURE_AUTORELEASING = YES;
				CLANG_WARN_BOOL_CONVERSION = YES;
				CLANG_WARN_COMMA = YES;
				CLANG_WARN_CONSTANT_CONVERSION = YES;
				CLANG_WARN_DEPRECATED_OBJC_IMPLEMENTATIONS = YES;
				CLANG_WARN_DIRECT_OBJC_ISA_USAGE = YES_ERROR;
				CLANG_WARN_DOCUMENTATION_COMMENTS = YES;
				CLANG_WARN_EMPTY_BODY = YES;
				CLANG_WARN_ENUM_CONVERSION = YES;
				CLANG_WARN_INFINITE_RECURSION = YES;
				CLANG_WARN_INT_CONVERSION = YES;
				CLANG_WARN_NON_LITERAL_NULL_CONVERSION = YES;
				CLANG_WARN_OBJC_IMPLICIT_RETAIN_SELF = YES;
				CLANG_WARN_OBJC_LITERAL_CONVERSION = YES;
				CLANG_WARN_OBJC_ROOT_CLASS = YES_ERROR;
				CLANG_WARN_RANGE_LOOP_ANALYSIS = YES;
				CLANG_WARN_STRICT_PROTOTYPES = YES;
				CLANG_WARN_SUSPICIOUS_MOVE = YES;
				CLANG_WARN_UNGUARDED_AVAILABILITY = YES_AGGRESSIVE;
				CLANG_WARN_UNREACHABLE_CODE = YES;
				CLANG_WARN__DUPLICATE_METHOD_MATCH = YES;
				COPY_PHASE_STRIP = NO;
				DEBUG_INFORMATION_FORMAT = dwarf;
				ENABLE_STRICT_OBJC_MSGSEND = YES;
				ENABLE_TESTABILITY = YES;
				GCC_C_LANGUAGE_STANDARD = gnu11;
				GCC_DYNAMIC_NO_PIC = NO;
				GCC_NO_COMMON_BLOCKS = YES;
				GCC_OPTIMIZATION_LEVEL = 0;
				GCC_PREPROCESSOR_DEFINITIONS = (
					"DEBUG=1",
					"$(inherited)",
				);
				GCC_WARN_64_TO_32_BIT_CONVERSION = YES;
				GCC_WARN_ABOUT_RETURN_TYPE = YES_ERROR;
				GCC_WARN_UNDECLARED_SELECTOR = YES;
				GCC_WARN_UNINITIALIZED_AUTOS = YES_AGGRESSIVE;
				GCC_WARN_UNUSED_FUNCTION = YES;
				GCC_WARN_UNUSED_VARIABLE = YES;
				IPHONEOS_DEPLOYMENT_TARGET = 13.0;
				MTL_ENABLE_DEBUG_INFO = INCLUDE_SOURCE;
				MTL_FAST_MATH = YES;
				ONLY_ACTIVE_ARCH = YES;
				SDKROOT = iphoneos;
				SWIFT_ACTIVE_COMPILATION_CONDITIONS = DEBUG;
				SWIFT_OPTIMIZATION_LEVEL = "-Onone";
			};
			name = Debug;
		};
		CDEA4B9A22F3A90E004023E0 /* Release */ = {
			isa = XCBuildConfiguration;
			buildSettings = {
				ALWAYS_SEARCH_USER_PATHS = NO;
				CLANG_ANALYZER_NONNULL = YES;
				CLANG_ANALYZER_NUMBER_OBJECT_CONVERSION = YES_AGGRESSIVE;
				CLANG_CXX_LANGUAGE_STANDARD = "gnu++14";
				CLANG_CXX_LIBRARY = "libc++";
				CLANG_ENABLE_MODULES = YES;
				CLANG_ENABLE_OBJC_ARC = YES;
				CLANG_ENABLE_OBJC_WEAK = YES;
				CLANG_WARN_BLOCK_CAPTURE_AUTORELEASING = YES;
				CLANG_WARN_BOOL_CONVERSION = YES;
				CLANG_WARN_COMMA = YES;
				CLANG_WARN_CONSTANT_CONVERSION = YES;
				CLANG_WARN_DEPRECATED_OBJC_IMPLEMENTATIONS = YES;
				CLANG_WARN_DIRECT_OBJC_ISA_USAGE = YES_ERROR;
				CLANG_WARN_DOCUMENTATION_COMMENTS = YES;
				CLANG_WARN_EMPTY_BODY = YES;
				CLANG_WARN_ENUM_CONVERSION = YES;
				CLANG_WARN_INFINITE_RECURSION = YES;
				CLANG_WARN_INT_CONVERSION = YES;
				CLANG_WARN_NON_LITERAL_NULL_CONVERSION = YES;
				CLANG_WARN_OBJC_IMPLICIT_RETAIN_SELF = YES;
				CLANG_WARN_OBJC_LITERAL_CONVERSION = YES;
				CLANG_WARN_OBJC_ROOT_CLASS = YES_ERROR;
				CLANG_WARN_RANGE_LOOP_ANALYSIS = YES;
				CLANG_WARN_STRICT_PROTOTYPES = YES;
				CLANG_WARN_SUSPICIOUS_MOVE = YES;
				CLANG_WARN_UNGUARDED_AVAILABILITY = YES_AGGRESSIVE;
				CLANG_WARN_UNREACHABLE_CODE = YES;
				CLANG_WARN__DUPLICATE_METHOD_MATCH = YES;
				COPY_PHASE_STRIP = NO;
				DEBUG_INFORMATION_FORMAT = "dwarf-with-dsym";
				ENABLE_NS_ASSERTIONS = NO;
				ENABLE_STRICT_OBJC_MSGSEND = YES;
				GCC_C_LANGUAGE_STANDARD = gnu11;
				GCC_NO_COMMON_BLOCKS = YES;
				GCC_WARN_64_TO_32_BIT_CONVERSION = YES;
				GCC_WARN_ABOUT_RETURN_TYPE = YES_ERROR;
				GCC_WARN_UNDECLARED_SELECTOR = YES;
				GCC_WARN_UNINITIALIZED_AUTOS = YES_AGGRESSIVE;
				GCC_WARN_UNUSED_FUNCTION = YES;
				GCC_WARN_UNUSED_VARIABLE = YES;
				IPHONEOS_DEPLOYMENT_TARGET = 13.0;
				MTL_ENABLE_DEBUG_INFO = NO;
				MTL_FAST_MATH = YES;
				SDKROOT = iphoneos;
				SWIFT_COMPILATION_MODE = wholemodule;
				SWIFT_OPTIMIZATION_LEVEL = "-O";
				VALIDATE_PRODUCT = YES;
			};
			name = Release;
		};
		CDEA4B9C22F3A90E004023E0 /* Debug */ = {
			isa = XCBuildConfiguration;
			buildSettings = {
				ASSETCATALOG_COMPILER_APPICON_NAME = AppIcon;
				CODE_SIGN_STYLE = Automatic;
				DEVELOPMENT_TEAM = 8DDUQH2RUD;
				INFOPLIST_FILE = Windows/Info.plist;
				LD_RUNPATH_SEARCH_PATHS = (
					"$(inherited)",
					"@executable_path/Frameworks",
				);
				PRODUCT_BUNDLE_IDENTIFIER = com.bradgayman.Windows;
				PRODUCT_NAME = "$(TARGET_NAME)";
				SWIFT_VERSION = 5.0;
				TARGETED_DEVICE_FAMILY = "1,2";
			};
			name = Debug;
		};
		CDEA4B9D22F3A90E004023E0 /* Release */ = {
			isa = XCBuildConfiguration;
			buildSettings = {
				ASSETCATALOG_COMPILER_APPICON_NAME = AppIcon;
				CODE_SIGN_STYLE = Automatic;
				DEVELOPMENT_TEAM = 8DDUQH2RUD;
				INFOPLIST_FILE = Windows/Info.plist;
				LD_RUNPATH_SEARCH_PATHS = (
					"$(inherited)",
					"@executable_path/Frameworks",
				);
				PRODUCT_BUNDLE_IDENTIFIER = com.bradgayman.Windows;
				PRODUCT_NAME = "$(TARGET_NAME)";
				SWIFT_VERSION = 5.0;
				TARGETED_DEVICE_FAMILY = "1,2";
			};
			name = Release;
		};
/* End XCBuildConfiguration section */

/* Begin XCConfigurationList section */
		CDEA4B8222F3A90C004023E0 /* Build configuration list for PBXProject "Windows" */ = {
			isa = XCConfigurationList;
			buildConfigurations = (
				CDEA4B9922F3A90E004023E0 /* Debug */,
				CDEA4B9A22F3A90E004023E0 /* Release */,
			);
			defaultConfigurationIsVisible = 0;
			defaultConfigurationName = Release;
		};
		CDEA4B9B22F3A90E004023E0 /* Build configuration list for PBXNativeTarget "Windows" */ = {
			isa = XCConfigurationList;
			buildConfigurations = (
				CDEA4B9C22F3A90E004023E0 /* Debug */,
				CDEA4B9D22F3A90E004023E0 /* Release */,
			);
			defaultConfigurationIsVisible = 0;
			defaultConfigurationName = Release;
		};
/* End XCConfigurationList section */
	};
	rootObject = CDEA4B7F22F3A90C004023E0 /* Project object */;
}
